// !$*UTF8*$!
{
	archiveVersion = 1;
	classes = {
	};
	objectVersion = 56;
	objects = {

/* Begin PBXBuildFile section */
		0F54DA2C2AEA302500FF06F1 /* AppDelegate.swift in Sources */ = {isa = PBXBuildFile; fileRef = 0F54DA2B2AEA302500FF06F1 /* AppDelegate.swift */; };
		0F54DA2E2AEA302500FF06F1 /* SceneDelegate.swift in Sources */ = {isa = PBXBuildFile; fileRef = 0F54DA2D2AEA302500FF06F1 /* SceneDelegate.swift */; };
		0F54DA302AEA302500FF06F1 /* ViewController.swift in Sources */ = {isa = PBXBuildFile; fileRef = 0F54DA2F2AEA302500FF06F1 /* ViewController.swift */; };
		0F54DA332AEA302500FF06F1 /* Main.storyboard in Resources */ = {isa = PBXBuildFile; fileRef = 0F54DA312AEA302500FF06F1 /* Main.storyboard */; };
		0F54DA352AEA302600FF06F1 /* Assets.xcassets in Resources */ = {isa = PBXBuildFile; fileRef = 0F54DA342AEA302600FF06F1 /* Assets.xcassets */; };
		0F54DA382AEA302600FF06F1 /* LaunchScreen.storyboard in Resources */ = {isa = PBXBuildFile; fileRef = 0F54DA362AEA302600FF06F1 /* LaunchScreen.storyboard */; };
		0F54DA432AEA302600FF06F1 /* TabBarControllerTests.swift in Sources */ = {isa = PBXBuildFile; fileRef = 0F54DA422AEA302600FF06F1 /* TabBarControllerTests.swift */; };
		0F54DA4D2AEA302600FF06F1 /* TabBarControllerUITests.swift in Sources */ = {isa = PBXBuildFile; fileRef = 0F54DA4C2AEA302600FF06F1 /* TabBarControllerUITests.swift */; };
		0F54DA4F2AEA302600FF06F1 /* TabBarControllerUITestsLaunchTests.swift in Sources */ = {isa = PBXBuildFile; fileRef = 0F54DA4E2AEA302600FF06F1 /* TabBarControllerUITestsLaunchTests.swift */; };
		0F54DA5E2AEA356F00FF06F1 /* RedViewController.swift in Sources */ = {isa = PBXBuildFile; fileRef = 0F54DA5D2AEA356F00FF06F1 /* RedViewController.swift */; };
/* End PBXBuildFile section */

/* Begin PBXContainerItemProxy section */
		0F54DA3F2AEA302600FF06F1 /* PBXContainerItemProxy */ = {
			isa = PBXContainerItemProxy;
			containerPortal = 0F54DA202AEA302500FF06F1 /* Project object */;
			proxyType = 1;
			remoteGlobalIDString = 0F54DA272AEA302500FF06F1;
			remoteInfo = TabBarController;
		};
		0F54DA492AEA302600FF06F1 /* PBXContainerItemProxy */ = {
			isa = PBXContainerItemProxy;
			containerPortal = 0F54DA202AEA302500FF06F1 /* Project object */;
			proxyType = 1;
			remoteGlobalIDString = 0F54DA272AEA302500FF06F1;
			remoteInfo = TabBarController;
		};
/* End PBXContainerItemProxy section */

/* Begin PBXFileReference section */
		0F54DA282AEA302500FF06F1 /* TabBarController.app */ = {isa = PBXFileReference; explicitFileType = wrapper.application; includeInIndex = 0; path = TabBarController.app; sourceTree = BUILT_PRODUCTS_DIR; };
		0F54DA2B2AEA302500FF06F1 /* AppDelegate.swift */ = {isa = PBXFileReference; lastKnownFileType = sourcecode.swift; path = AppDelegate.swift; sourceTree = "<group>"; };
		0F54DA2D2AEA302500FF06F1 /* SceneDelegate.swift */ = {isa = PBXFileReference; lastKnownFileType = sourcecode.swift; path = SceneDelegate.swift; sourceTree = "<group>"; };
		0F54DA2F2AEA302500FF06F1 /* ViewController.swift */ = {isa = PBXFileReference; lastKnownFileType = sourcecode.swift; path = ViewController.swift; sourceTree = "<group>"; };
		0F54DA322AEA302500FF06F1 /* Base */ = {isa = PBXFileReference; lastKnownFileType = file.storyboard; name = Base; path = Base.lproj/Main.storyboard; sourceTree = "<group>"; };
		0F54DA342AEA302600FF06F1 /* Assets.xcassets */ = {isa = PBXFileReference; lastKnownFileType = folder.assetcatalog; path = Assets.xcassets; sourceTree = "<group>"; };
		0F54DA372AEA302600FF06F1 /* Base */ = {isa = PBXFileReference; lastKnownFileType = file.storyboard; name = Base; path = Base.lproj/LaunchScreen.storyboard; sourceTree = "<group>"; };
		0F54DA392AEA302600FF06F1 /* Info.plist */ = {isa = PBXFileReference; lastKnownFileType = text.plist.xml; path = Info.plist; sourceTree = "<group>"; };
		0F54DA3E2AEA302600FF06F1 /* TabBarControllerTests.xctest */ = {isa = PBXFileReference; explicitFileType = wrapper.cfbundle; includeInIndex = 0; path = TabBarControllerTests.xctest; sourceTree = BUILT_PRODUCTS_DIR; };
		0F54DA422AEA302600FF06F1 /* TabBarControllerTests.swift */ = {isa = PBXFileReference; lastKnownFileType = sourcecode.swift; path = TabBarControllerTests.swift; sourceTree = "<group>"; };
		0F54DA482AEA302600FF06F1 /* TabBarControllerUITests.xctest */ = {isa = PBXFileReference; explicitFileType = wrapper.cfbundle; includeInIndex = 0; path = TabBarControllerUITests.xctest; sourceTree = BUILT_PRODUCTS_DIR; };
		0F54DA4C2AEA302600FF06F1 /* TabBarControllerUITests.swift */ = {isa = PBXFileReference; lastKnownFileType = sourcecode.swift; path = TabBarControllerUITests.swift; sourceTree = "<group>"; };
		0F54DA4E2AEA302600FF06F1 /* TabBarControllerUITestsLaunchTests.swift */ = {isa = PBXFileReference; lastKnownFileType = sourcecode.swift; path = TabBarControllerUITestsLaunchTests.swift; sourceTree = "<group>"; };
		0F54DA5D2AEA356F00FF06F1 /* RedViewController.swift */ = {isa = PBXFileReference; lastKnownFileType = sourcecode.swift; path = RedViewController.swift; sourceTree = "<group>"; };
/* End PBXFileReference section */

/* Begin PBXFrameworksBuildPhase section */
		0F54DA252AEA302500FF06F1 /* Frameworks */ = {
			isa = PBXFrameworksBuildPhase;
			buildActionMask = 2147483647;
			files = (
			);
			runOnlyForDeploymentPostprocessing = 0;
		};
		0F54DA3B2AEA302600FF06F1 /* Frameworks */ = {
			isa = PBXFrameworksBuildPhase;
			buildActionMask = 2147483647;
			files = (
			);
			runOnlyForDeploymentPostprocessing = 0;
		};
		0F54DA452AEA302600FF06F1 /* Frameworks */ = {
			isa = PBXFrameworksBuildPhase;
			buildActionMask = 2147483647;
			files = (
			);
			runOnlyForDeploymentPostprocessing = 0;
		};
/* End PBXFrameworksBuildPhase section */

/* Begin PBXGroup section */
		0F54DA1F2AEA302500FF06F1 = {
			isa = PBXGroup;
			children = (
				0F54DA5D2AEA356F00FF06F1 /* RedViewController.swift */,
				0F54DA2A2AEA302500FF06F1 /* TabBarController */,
				0F54DA412AEA302600FF06F1 /* TabBarControllerTests */,
				0F54DA4B2AEA302600FF06F1 /* TabBarControllerUITests */,
				0F54DA292AEA302500FF06F1 /* Products */,
			);
			sourceTree = "<group>";
		};
		0F54DA292AEA302500FF06F1 /* Products */ = {
			isa = PBXGroup;
			children = (
				0F54DA282AEA302500FF06F1 /* TabBarController.app */,
				0F54DA3E2AEA302600FF06F1 /* TabBarControllerTests.xctest */,
				0F54DA482AEA302600FF06F1 /* TabBarControllerUITests.xctest */,
			);
			name = Products;
			sourceTree = "<group>";
		};
		0F54DA2A2AEA302500FF06F1 /* TabBarController */ = {
			isa = PBXGroup;
			children = (
				0F54DA2B2AEA302500FF06F1 /* AppDelegate.swift */,
				0F54DA2D2AEA302500FF06F1 /* SceneDelegate.swift */,
				0F54DA2F2AEA302500FF06F1 /* ViewController.swift */,
				0F54DA312AEA302500FF06F1 /* Main.storyboard */,
				0F54DA342AEA302600FF06F1 /* Assets.xcassets */,
				0F54DA362AEA302600FF06F1 /* LaunchScreen.storyboard */,
				0F54DA392AEA302600FF06F1 /* Info.plist */,
			);
			path = TabBarController;
			sourceTree = "<group>";
		};
		0F54DA412AEA302600FF06F1 /* TabBarControllerTests */ = {
			isa = PBXGroup;
			children = (
				0F54DA422AEA302600FF06F1 /* TabBarControllerTests.swift */,
			);
			path = TabBarControllerTests;
			sourceTree = "<group>";
		};
		0F54DA4B2AEA302600FF06F1 /* TabBarControllerUITests */ = {
			isa = PBXGroup;
			children = (
				0F54DA4C2AEA302600FF06F1 /* TabBarControllerUITests.swift */,
				0F54DA4E2AEA302600FF06F1 /* TabBarControllerUITestsLaunchTests.swift */,
			);
			path = TabBarControllerUITests;
			sourceTree = "<group>";
		};
/* End PBXGroup section */

/* Begin PBXNativeTarget section */
		0F54DA272AEA302500FF06F1 /* TabBarController */ = {
			isa = PBXNativeTarget;
			buildConfigurationList = 0F54DA522AEA302600FF06F1 /* Build configuration list for PBXNativeTarget "TabBarController" */;
			buildPhases = (
				0F54DA242AEA302500FF06F1 /* Sources */,
				0F54DA252AEA302500FF06F1 /* Frameworks */,
				0F54DA262AEA302500FF06F1 /* Resources */,
			);
			buildRules = (
			);
			dependencies = (
			);
			name = TabBarController;
			productName = TabBarController;
			productReference = 0F54DA282AEA302500FF06F1 /* TabBarController.app */;
			productType = "com.apple.product-type.application";
		};
		0F54DA3D2AEA302600FF06F1 /* TabBarControllerTests */ = {
			isa = PBXNativeTarget;
			buildConfigurationList = 0F54DA552AEA302600FF06F1 /* Build configuration list for PBXNativeTarget "TabBarControllerTests" */;
			buildPhases = (
				0F54DA3A2AEA302600FF06F1 /* Sources */,
				0F54DA3B2AEA302600FF06F1 /* Frameworks */,
				0F54DA3C2AEA302600FF06F1 /* Resources */,
			);
			buildRules = (
			);
			dependencies = (
				0F54DA402AEA302600FF06F1 /* PBXTargetDependency */,
			);
			name = TabBarControllerTests;
			productName = TabBarControllerTests;
			productReference = 0F54DA3E2AEA302600FF06F1 /* TabBarControllerTests.xctest */;
			productType = "com.apple.product-type.bundle.unit-test";
		};
		0F54DA472AEA302600FF06F1 /* TabBarControllerUITests */ = {
			isa = PBXNativeTarget;
			buildConfigurationList = 0F54DA582AEA302600FF06F1 /* Build configuration list for PBXNativeTarget "TabBarControllerUITests" */;
			buildPhases = (
				0F54DA442AEA302600FF06F1 /* Sources */,
				0F54DA452AEA302600FF06F1 /* Frameworks */,
				0F54DA462AEA302600FF06F1 /* Resources */,
			);
			buildRules = (
			);
			dependencies = (
				0F54DA4A2AEA302600FF06F1 /* PBXTargetDependency */,
			);
			name = TabBarControllerUITests;
			productName = TabBarControllerUITests;
			productReference = 0F54DA482AEA302600FF06F1 /* TabBarControllerUITests.xctest */;
			productType = "com.apple.product-type.bundle.ui-testing";
		};
/* End PBXNativeTarget section */

/* Begin PBXProject section */
		0F54DA202AEA302500FF06F1 /* Project object */ = {
			isa = PBXProject;
			attributes = {
				BuildIndependentTargetsInParallel = 1;
				LastSwiftUpdateCheck = 1500;
				LastUpgradeCheck = 1500;
				TargetAttributes = {
					0F54DA272AEA302500FF06F1 = {
						CreatedOnToolsVersion = 15.0.1;
					};
					0F54DA3D2AEA302600FF06F1 = {
						CreatedOnToolsVersion = 15.0.1;
						TestTargetID = 0F54DA272AEA302500FF06F1;
					};
					0F54DA472AEA302600FF06F1 = {
						CreatedOnToolsVersion = 15.0.1;
						TestTargetID = 0F54DA272AEA302500FF06F1;
					};
				};
			};
			buildConfigurationList = 0F54DA232AEA302500FF06F1 /* Build configuration list for PBXProject "TabBarController" */;
			compatibilityVersion = "Xcode 14.0";
			developmentRegion = en;
			hasScannedForEncodings = 0;
			knownRegions = (
				en,
				Base,
			);
			mainGroup = 0F54DA1F2AEA302500FF06F1;
			productRefGroup = 0F54DA292AEA302500FF06F1 /* Products */;
			projectDirPath = "";
			projectRoot = "";
			targets = (
				0F54DA272AEA302500FF06F1 /* TabBarController */,
				0F54DA3D2AEA302600FF06F1 /* TabBarControllerTests */,
				0F54DA472AEA302600FF06F1 /* TabBarControllerUITests */,
			);
		};
/* End PBXProject section */

/* Begin PBXResourcesBuildPhase section */
		0F54DA262AEA302500FF06F1 /* Resources */ = {
			isa = PBXResourcesBuildPhase;
			buildActionMask = 2147483647;
			files = (
				0F54DA382AEA302600FF06F1 /* LaunchScreen.storyboard in Resources */,
				0F54DA352AEA302600FF06F1 /* Assets.xcassets in Resources */,
				0F54DA332AEA302500FF06F1 /* Main.storyboard in Resources */,
			);
			runOnlyForDeploymentPostprocessing = 0;
		};
		0F54DA3C2AEA302600FF06F1 /* Resources */ = {
			isa = PBXResourcesBuildPhase;
			buildActionMask = 2147483647;
			files = (
			);
			runOnlyForDeploymentPostprocessing = 0;
		};
		0F54DA462AEA302600FF06F1 /* Resources */ = {
			isa = PBXResourcesBuildPhase;
			buildActionMask = 2147483647;
			files = (
			);
			runOnlyForDeploymentPostprocessing = 0;
		};
/* End PBXResourcesBuildPhase section */

/* Begin PBXSourcesBuildPhase section */
		0F54DA242AEA302500FF06F1 /* Sources */ = {
			isa = PBXSourcesBuildPhase;
			buildActionMask = 2147483647;
			files = (
				0F54DA5E2AEA356F00FF06F1 /* RedViewController.swift in Sources */,
				0F54DA302AEA302500FF06F1 /* ViewController.swift in Sources */,
				0F54DA2C2AEA302500FF06F1 /* AppDelegate.swift in Sources */,
				0F54DA2E2AEA302500FF06F1 /* SceneDelegate.swift in Sources */,
			);
			runOnlyForDeploymentPostprocessing = 0;
		};
		0F54DA3A2AEA302600FF06F1 /* Sources */ = {
			isa = PBXSourcesBuildPhase;
			buildActionMask = 2147483647;
			files = (
				0F54DA432AEA302600FF06F1 /* TabBarControllerTests.swift in Sources */,
			);
			runOnlyForDeploymentPostprocessing = 0;
		};
		0F54DA442AEA302600FF06F1 /* Sources */ = {
			isa = PBXSourcesBuildPhase;
			buildActionMask = 2147483647;
			files = (
				0F54DA4F2AEA302600FF06F1 /* TabBarControllerUITestsLaunchTests.swift in Sources */,
				0F54DA4D2AEA302600FF06F1 /* TabBarControllerUITests.swift in Sources */,
			);
			runOnlyForDeploymentPostprocessing = 0;
		};
/* End PBXSourcesBuildPhase section */

/* Begin PBXTargetDependency section */
		0F54DA402AEA302600FF06F1 /* PBXTargetDependency */ = {
			isa = PBXTargetDependency;
			target = 0F54DA272AEA302500FF06F1 /* TabBarController */;
			targetProxy = 0F54DA3F2AEA302600FF06F1 /* PBXContainerItemProxy */;
		};
		0F54DA4A2AEA302600FF06F1 /* PBXTargetDependency */ = {
			isa = PBXTargetDependency;
			target = 0F54DA272AEA302500FF06F1 /* TabBarController */;
			targetProxy = 0F54DA492AEA302600FF06F1 /* PBXContainerItemProxy */;
		};
/* End PBXTargetDependency section */

/* Begin PBXVariantGroup section */
		0F54DA312AEA302500FF06F1 /* Main.storyboard */ = {
			isa = PBXVariantGroup;
			children = (
				0F54DA322AEA302500FF06F1 /* Base */,
			);
			name = Main.storyboard;
			sourceTree = "<group>";
		};
		0F54DA362AEA302600FF06F1 /* LaunchScreen.storyboard */ = {
			isa = PBXVariantGroup;
			children = (
				0F54DA372AEA302600FF06F1 /* Base */,
			);
			name = LaunchScreen.storyboard;
			sourceTree = "<group>";
		};
/* End PBXVariantGroup section */

/* Begin XCBuildConfiguration section */
		0F54DA502AEA302600FF06F1 /* Debug */ = {
			isa = XCBuildConfiguration;
			buildSettings = {
				ALWAYS_SEARCH_USER_PATHS = NO;
				ASSETCATALOG_COMPILER_GENERATE_SWIFT_ASSET_SYMBOL_EXTENSIONS = YES;
				CLANG_ANALYZER_NONNULL = YES;
				CLANG_ANALYZER_NUMBER_OBJECT_CONVERSION = YES_AGGRESSIVE;
				CLANG_CXX_LANGUAGE_STANDARD = "gnu++20";
				CLANG_ENABLE_MODULES = YES;
				CLANG_ENABLE_OBJC_ARC = YES;
				CLANG_ENABLE_OBJC_WEAK = YES;
				CLANG_WARN_BLOCK_CAPTURE_AUTORELEASING = YES;
				CLANG_WARN_BOOL_CONVERSION = YES;
				CLANG_WARN_COMMA = YES;
				CLANG_WARN_CONSTANT_CONVERSION = YES;
				CLANG_WARN_DEPRECATED_OBJC_IMPLEMENTATIONS = YES;
				CLANG_WARN_DIRECT_OBJC_ISA_USAGE = YES_ERROR;
				CLANG_WARN_DOCUMENTATION_COMMENTS = YES;
				CLANG_WARN_EMPTY_BODY = YES;
				CLANG_WARN_ENUM_CONVERSION = YES;
				CLANG_WARN_INFINITE_RECURSION = YES;
				CLANG_WARN_INT_CONVERSION = YES;
				CLANG_WARN_NON_LITERAL_NULL_CONVERSION = YES;
				CLANG_WARN_OBJC_IMPLICIT_RETAIN_SELF = YES;
				CLANG_WARN_OBJC_LITERAL_CONVERSION = YES;
				CLANG_WARN_OBJC_ROOT_CLASS = YES_ERROR;
				CLANG_WARN_QUOTED_INCLUDE_IN_FRAMEWORK_HEADER = YES;
				CLANG_WARN_RANGE_LOOP_ANALYSIS = YES;
				CLANG_WARN_STRICT_PROTOTYPES = YES;
				CLANG_WARN_SUSPICIOUS_MOVE = YES;
				CLANG_WARN_UNGUARDED_AVAILABILITY = YES_AGGRESSIVE;
				CLANG_WARN_UNREACHABLE_CODE = YES;
				CLANG_WARN__DUPLICATE_METHOD_MATCH = YES;
				COPY_PHASE_STRIP = NO;
				DEBUG_INFORMATION_FORMAT = dwarf;
				ENABLE_STRICT_OBJC_MSGSEND = YES;
				ENABLE_TESTABILITY = YES;
				ENABLE_USER_SCRIPT_SANDBOXING = YES;
				GCC_C_LANGUAGE_STANDARD = gnu17;
				GCC_DYNAMIC_NO_PIC = NO;
				GCC_NO_COMMON_BLOCKS = YES;
				GCC_OPTIMIZATION_LEVEL = 0;
				GCC_PREPROCESSOR_DEFINITIONS = (
					"DEBUG=1",
					"$(inherited)",
				);
				GCC_WARN_64_TO_32_BIT_CONVERSION = YES;
				GCC_WARN_ABOUT_RETURN_TYPE = YES_ERROR;
				GCC_WARN_UNDECLARED_SELECTOR = YES;
				GCC_WARN_UNINITIALIZED_AUTOS = YES_AGGRESSIVE;
				GCC_WARN_UNUSED_FUNCTION = YES;
				GCC_WARN_UNUSED_VARIABLE = YES;
				IPHONEOS_DEPLOYMENT_TARGET = 17.0;
				LOCALIZATION_PREFERS_STRING_CATALOGS = YES;
				MTL_ENABLE_DEBUG_INFO = INCLUDE_SOURCE;
				MTL_FAST_MATH = YES;
				ONLY_ACTIVE_ARCH = YES;
				SDKROOT = iphoneos;
				SWIFT_ACTIVE_COMPILATION_CONDITIONS = "DEBUG $(inherited)";
				SWIFT_OPTIMIZATION_LEVEL = "-Onone";
			};
			name = Debug;
		};
		0F54DA512AEA302600FF06F1 /* Release */ = {
			isa = XCBuildConfiguration;
			buildSettings = {
				ALWAYS_SEARCH_USER_PATHS = NO;
				ASSETCATALOG_COMPILER_GENERATE_SWIFT_ASSET_SYMBOL_EXTENSIONS = YES;
				CLANG_ANALYZER_NONNULL = YES;
				CLANG_ANALYZER_NUMBER_OBJECT_CONVERSION = YES_AGGRESSIVE;
				CLANG_CXX_LANGUAGE_STANDARD = "gnu++20";
				CLANG_ENABLE_MODULES = YES;
				CLANG_ENABLE_OBJC_ARC = YES;
				CLANG_ENABLE_OBJC_WEAK = YES;
				CLANG_WARN_BLOCK_CAPTURE_AUTORELEASING = YES;
				CLANG_WARN_BOOL_CONVERSION = YES;
				CLANG_WARN_COMMA = YES;
				CLANG_WARN_CONSTANT_CONVERSION = YES;
				CLANG_WARN_DEPRECATED_OBJC_IMPLEMENTATIONS = YES;
				CLANG_WARN_DIRECT_OBJC_ISA_USAGE = YES_ERROR;
				CLANG_WARN_DOCUMENTATION_COMMENTS = YES;
				CLANG_WARN_EMPTY_BODY = YES;
				CLANG_WARN_ENUM_CONVERSION = YES;
				CLANG_WARN_INFINITE_RECURSION = YES;
				CLANG_WARN_INT_CONVERSION = YES;
				CLANG_WARN_NON_LITERAL_NULL_CONVERSION = YES;
				CLANG_WARN_OBJC_IMPLICIT_RETAIN_SELF = YES;
				CLANG_WARN_OBJC_LITERAL_CONVERSION = YES;
				CLANG_WARN_OBJC_ROOT_CLASS = YES_ERROR;
				CLANG_WARN_QUOTED_INCLUDE_IN_FRAMEWORK_HEADER = YES;
				CLANG_WARN_RANGE_LOOP_ANALYSIS = YES;
				CLANG_WARN_STRICT_PROTOTYPES = YES;
				CLANG_WARN_SUSPICIOUS_MOVE = YES;
				CLANG_WARN_UNGUARDED_AVAILABILITY = YES_AGGRESSIVE;
				CLANG_WARN_UNREACHABLE_CODE = YES;
				CLANG_WARN__DUPLICATE_METHOD_MATCH = YES;
				COPY_PHASE_STRIP = NO;
				DEBUG_INFORMATION_FORMAT = "dwarf-with-dsym";
				ENABLE_NS_ASSERTIONS = NO;
				ENABLE_STRICT_OBJC_MSGSEND = YES;
				ENABLE_USER_SCRIPT_SANDBOXING = YES;
				GCC_C_LANGUAGE_STANDARD = gnu17;
				GCC_NO_COMMON_BLOCKS = YES;
				GCC_WARN_64_TO_32_BIT_CONVERSION = YES;
				GCC_WARN_ABOUT_RETURN_TYPE = YES_ERROR;
				GCC_WARN_UNDECLARED_SELECTOR = YES;
				GCC_WARN_UNINITIALIZED_AUTOS = YES_AGGRESSIVE;
				GCC_WARN_UNUSED_FUNCTION = YES;
				GCC_WARN_UNUSED_VARIABLE = YES;
				IPHONEOS_DEPLOYMENT_TARGET = 17.0;
				LOCALIZATION_PREFERS_STRING_CATALOGS = YES;
				MTL_ENABLE_DEBUG_INFO = NO;
				MTL_FAST_MATH = YES;
				SDKROOT = iphoneos;
				SWIFT_COMPILATION_MODE = wholemodule;
				VALIDATE_PRODUCT = YES;
			};
			name = Release;
		};
		0F54DA532AEA302600FF06F1 /* Debug */ = {
			isa = XCBuildConfiguration;
			buildSettings = {
				ASSETCATALOG_COMPILER_APPICON_NAME = AppIcon;
				ASSETCATALOG_COMPILER_GLOBAL_ACCENT_COLOR_NAME = AccentColor;
				CODE_SIGN_STYLE = Automatic;
				CURRENT_PROJECT_VERSION = 1;
				GENERATE_INFOPLIST_FILE = YES;
				INFOPLIST_FILE = TabBarController/Info.plist;
				INFOPLIST_KEY_UIApplicationSupportsIndirectInputEvents = YES;
				INFOPLIST_KEY_UILaunchStoryboardName = LaunchScreen;
				INFOPLIST_KEY_UIMainStoryboardFile = Main;
				INFOPLIST_KEY_UISupportedInterfaceOrientations_iPad = "UIInterfaceOrientationPortrait UIInterfaceOrientationPortraitUpsideDown UIInterfaceOrientationLandscapeLeft UIInterfaceOrientationLandscapeRight";
				INFOPLIST_KEY_UISupportedInterfaceOrientations_iPhone = "UIInterfaceOrientationPortrait UIInterfaceOrientationLandscapeLeft UIInterfaceOrientationLandscapeRight";
				LD_RUNPATH_SEARCH_PATHS = (
					"$(inherited)",
					"@executable_path/Frameworks",
				);
				MARKETING_VERSION = 1.0;
				PRODUCT_BUNDLE_IDENTIFIER = "aa1946-srmist.edu.in.TabBarController";
				PRODUCT_NAME = "$(TARGET_NAME)";
				SWIFT_EMIT_LOC_STRINGS = YES;
				SWIFT_VERSION = 5.0;
				TARGETED_DEVICE_FAMILY = "1,2";
			};
			name = Debug;
		};
		0F54DA542AEA302600FF06F1 /* Release */ = {
			isa = XCBuildConfiguration;
			buildSettings = {
				ASSETCATALOG_COMPILER_APPICON_NAME = AppIcon;
				ASSETCATALOG_COMPILER_GLOBAL_ACCENT_COLOR_NAME = AccentColor;
				CODE_SIGN_STYLE = Automatic;
				CURRENT_PROJECT_VERSION = 1;
				GENERATE_INFOPLIST_FILE = YES;
				INFOPLIST_FILE = TabBarController/Info.plist;
				INFOPLIST_KEY_UIApplicationSupportsIndirectInputEvents = YES;
				INFOPLIST_KEY_UILaunchStoryboardName = LaunchScreen;
				INFOPLIST_KEY_UIMainStoryboardFile = Main;
				INFOPLIST_KEY_UISupportedInterfaceOrientations_iPad = "UIInterfaceOrientationPortrait UIInterfaceOrientationPortraitUpsideDown UIInterfaceOrientationLandscapeLeft UIInterfaceOrientationLandscapeRight";
				INFOPLIST_KEY_UISupportedInterfaceOrientations_iPhone = "UIInterfaceOrientationPortrait UIInterfaceOrientationLandscapeLeft UIInterfaceOrientationLandscapeRight";
				LD_RUNPATH_SEARCH_PATHS = (
					"$(inherited)",
					"@executable_path/Frameworks",
				);
				MARKETING_VERSION = 1.0;
				PRODUCT_BUNDLE_IDENTIFIER = "aa1946-srmist.edu.in.TabBarController";
				PRODUCT_NAME = "$(TARGET_NAME)";
				SWIFT_EMIT_LOC_STRINGS = YES;
				SWIFT_VERSION = 5.0;
				TARGETED_DEVICE_FAMILY = "1,2";
			};
			name = Release;
		};
		0F54DA562AEA302600FF06F1 /* Debug */ = {
			isa = XCBuildConfiguration;
			buildSettings = {
				ALWAYS_EMBED_SWIFT_STANDARD_LIBRARIES = YES;
				BUNDLE_LOADER = "$(TEST_HOST)";
				CODE_SIGN_STYLE = Automatic;
				CURRENT_PROJECT_VERSION = 1;
				GENERATE_INFOPLIST_FILE = YES;
				IPHONEOS_DEPLOYMENT_TARGET = 17.0;
				MARKETING_VERSION = 1.0;
				PRODUCT_BUNDLE_IDENTIFIER = "aa1946-srmist.edu.in.TabBarControllerTests";
				PRODUCT_NAME = "$(TARGET_NAME)";
				SWIFT_EMIT_LOC_STRINGS = NO;
				SWIFT_VERSION = 5.0;
				TARGETED_DEVICE_FAMILY = "1,2";
				TEST_HOST = "$(BUILT_PRODUCTS_DIR)/TabBarController.app/$(BUNDLE_EXECUTABLE_FOLDER_PATH)/TabBarController";
			};
			name = Debug;
		};
		0F54DA572AEA302600FF06F1 /* Release */ = {
			isa = XCBuildConfiguration;
			buildSettings = {
				ALWAYS_EMBED_SWIFT_STANDARD_LIBRARIES = YES;
				BUNDLE_LOADER = "$(TEST_HOST)";
				CODE_SIGN_STYLE = Automatic;
				CURRENT_PROJECT_VERSION = 1;
				GENERATE_INFOPLIST_FILE = YES;
				IPHONEOS_DEPLOYMENT_TARGET = 17.0;
				MARKETING_VERSION = 1.0;
				PRODUCT_BUNDLE_IDENTIFIER = "aa1946-srmist.edu.in.TabBarControllerTests";
				PRODUCT_NAME = "$(TARGET_NAME)";
				SWIFT_EMIT_LOC_STRINGS = NO;
				SWIFT_VERSION = 5.0;
				TARGETED_DEVICE_FAMILY = "1,2";
				TEST_HOST = "$(BUILT_PRODUCTS_DIR)/TabBarController.app/$(BUNDLE_EXECUTABLE_FOLDER_PATH)/TabBarController";
			};
			name = Release;
		};
		0F54DA592AEA302600FF06F1 /* Debug */ = {
			isa = XCBuildConfiguration;
			buildSettings = {
				ALWAYS_EMBED_SWIFT_STANDARD_LIBRARIES = YES;
				CODE_SIGN_STYLE = Automatic;
				CURRENT_PROJECT_VERSION = 1;
				GENERATE_INFOPLIST_FILE = YES;
				MARKETING_VERSION = 1.0;
				PRODUCT_BUNDLE_IDENTIFIER = "aa1946-srmist.edu.in.TabBarControllerUITests";
				PRODUCT_NAME = "$(TARGET_NAME)";
				SWIFT_EMIT_LOC_STRINGS = NO;
				SWIFT_VERSION = 5.0;
				TARGETED_DEVICE_FAMILY = "1,2";
				TEST_TARGET_NAME = TabBarController;
			};
			name = Debug;
		};
		0F54DA5A2AEA302600FF06F1 /* Release */ = {
			isa = XCBuildConfiguration;
			buildSettings = {
				ALWAYS_EMBED_SWIFT_STANDARD_LIBRARIES = YES;
				CODE_SIGN_STYLE = Automatic;
				CURRENT_PROJECT_VERSION = 1;
				GENERATE_INFOPLIST_FILE = YES;
				MARKETING_VERSION = 1.0;
				PRODUCT_BUNDLE_IDENTIFIER = "aa1946-srmist.edu.in.TabBarControllerUITests";
				PRODUCT_NAME = "$(TARGET_NAME)";
				SWIFT_EMIT_LOC_STRINGS = NO;
				SWIFT_VERSION = 5.0;
				TARGETED_DEVICE_FAMILY = "1,2";
				TEST_TARGET_NAME = TabBarController;
			};
			name = Release;
		};
/* End XCBuildConfiguration section */

/* Begin XCConfigurationList section */
		0F54DA232AEA302500FF06F1 /* Build configuration list for PBXProject "TabBarController" */ = {
			isa = XCConfigurationList;
			buildConfigurations = (
				0F54DA502AEA302600FF06F1 /* Debug */,
				0F54DA512AEA302600FF06F1 /* Release */,
			);
			defaultConfigurationIsVisible = 0;
			defaultConfigurationName = Release;
		};
		0F54DA522AEA302600FF06F1 /* Build configuration list for PBXNativeTarget "TabBarController" */ = {
			isa = XCConfigurationList;
			buildConfigurations = (
				0F54DA532AEA302600FF06F1 /* Debug */,
				0F54DA542AEA302600FF06F1 /* Release */,
			);
			defaultConfigurationIsVisible = 0;
			defaultConfigurationName = Release;
		};
		0F54DA552AEA302600FF06F1 /* Build configuration list for PBXNativeTarget "TabBarControllerTests" */ = {
			isa = XCConfigurationList;
			buildConfigurations = (
				0F54DA562AEA302600FF06F1 /* Debug */,
				0F54DA572AEA302600FF06F1 /* Release */,
			);
			defaultConfigurationIsVisible = 0;
			defaultConfigurationName = Release;
		};
		0F54DA582AEA302600FF06F1 /* Build configuration list for PBXNativeTarget "TabBarControllerUITests" */ = {
			isa = XCConfigurationList;
			buildConfigurations = (
				0F54DA592AEA302600FF06F1 /* Debug */,
				0F54DA5A2AEA302600FF06F1 /* Release */,
			);
			defaultConfigurationIsVisible = 0;
			defaultConfigurationName = Release;
		};
/* End XCConfigurationList section */
	};
	rootObject = 0F54DA202AEA302500FF06F1 /* Project object */;
}
